
Microsoft Visual Studio Solution File, Format Version 12.00
# Visual Studio Version 17
VisualStudioVersion = 17.12.35527.113
MinimumVisualStudioVersion = 10.0.40219.1
Project("{FAE04EC0-301F-11D3-BF4B-00C04F79EFBC}") = "CsvFormatCheckerConsole", "CsvFormatChecker\CsvFormatCheckerConsole.csproj", "{3CDF0E10-B509-4A70-997A-3845644D2171}"
EndProject
Project("{FAE04EC0-301F-11D3-BF4B-00C04F79EFBC}") = "CsvFormatCheckerCommon", "CsvFormatCheckerCommon\CsvFormatCheckerCommon.csproj", "{CD57309F-D5B9-4041-9F41-15B2CCA4FB27}"
EndProject
Project("{2150E333-8FDC-42A3-9474-1A3956D46DE8}") = "ソリューション項目", "ソリューション項目", "{190938BF-3A9A-40FC-A7C3-463271DE6BC6}"
	ProjectSection(SolutionItems) = preProject
		.editorconfig = .editorconfig
	EndProjectSection
EndProject
Project("{FAE04EC0-301F-11D3-BF4B-00C04F79EFBC}") = "CsvFormatValidatorCommon.Tests", "CsvFormatValidatorCommon.Tests\CsvFormatValidatorCommon.Tests.csproj", "{D71741B8-71B7-4795-BBB2-8177966E9D26}"
EndProject
Global
	GlobalSection(SolutionConfigurationPlatforms) = preSolution
		Debug|Any CPU = Debug|Any CPU
		Release|Any CPU = Release|Any CPU
	EndGlobalSection
	GlobalSection(ProjectConfigurationPlatforms) = postSolution
		{3CDF0E10-B509-4A70-997A-3845644D2171}.Debug|Any CPU.ActiveCfg = Debug|Any CPU
		{3CDF0E10-B509-4A70-997A-3845644D2171}.Debug|Any CPU.Build.0 = Debug|Any CPU
		{3CDF0E10-B509-4A70-997A-3845644D2171}.Release|Any CPU.ActiveCfg = Release|Any CPU
		{3CDF0E10-B509-4A70-997A-3845644D2171}.Release|Any CPU.Build.0 = Release|Any CPU
		{CD57309F-D5B9-4041-9F41-15B2CCA4FB27}.Debug|Any CPU.ActiveCfg = Debug|Any CPU
		{CD57309F-D5B9-4041-9F41-15B2CCA4FB27}.Debug|Any CPU.Build.0 = Debug|Any CPU
		{CD57309F-D5B9-4041-9F41-15B2CCA4FB27}.Release|Any CPU.ActiveCfg = Release|Any CPU
		{CD57309F-D5B9-4041-9F41-15B2CCA4FB27}.Release|Any CPU.Build.0 = Release|Any CPU
		{D71741B8-71B7-4795-BBB2-8177966E9D26}.Debug|Any CPU.ActiveCfg = Debug|Any CPU
		{D71741B8-71B7-4795-BBB2-8177966E9D26}.Debug|Any CPU.Build.0 = Debug|Any CPU
		{D71741B8-71B7-4795-BBB2-8177966E9D26}.Release|Any CPU.ActiveCfg = Release|Any CPU
		{D71741B8-71B7-4795-BBB2-8177966E9D26}.Release|Any CPU.Build.0 = Release|Any CPU
	EndGlobalSection
	GlobalSection(SolutionProperties) = preSolution
		HideSolutionNode = FALSE
	EndGlobalSection
EndGlobal
